
Microsoft Visual Studio Solution File, Format Version 12.00
# Visual Studio Version 17
VisualStudioVersion = 17.0.31903.59
MinimumVisualStudioVersion = 10.0.40219.1
Project("{FAE04EC0-301F-11D3-BF4B-00C04F79EFBC}") = "MessAPI", "MessAPI\MessAPI.csproj", "{658421EA-0C6C-4F0C-92D8-F3E4C3F0344E}"
EndProject
Project("{FAE04EC0-301F-11D3-BF4B-00C04F79EFBC}") = "Core", "Core\Core.csproj", "{8A7636AE-9865-4F67-BDDB-BC7677502A30}"
EndProject
Project("{FAE04EC0-301F-11D3-BF4B-00C04F79EFBC}") = "Infrastructure", "Infrastructure\Infrastructure.csproj", "{6868B633-42A8-4B26-93D2-56579D749D88}"
EndProject
Global
	GlobalSection(SolutionConfigurationPlatforms) = preSolution
		Debug|Any CPU = Debug|Any CPU
		Release|Any CPU = Release|Any CPU
	EndGlobalSection
	GlobalSection(SolutionProperties) = preSolution
		HideSolutionNode = FALSE
	EndGlobalSection
	GlobalSection(ProjectConfigurationPlatforms) = postSolution
		{658421EA-0C6C-4F0C-92D8-F3E4C3F0344E}.Debug|Any CPU.ActiveCfg = Debug|Any CPU
		{658421EA-0C6C-4F0C-92D8-F3E4C3F0344E}.Debug|Any CPU.Build.0 = Debug|Any CPU
		{658421EA-0C6C-4F0C-92D8-F3E4C3F0344E}.Release|Any CPU.ActiveCfg = Release|Any CPU
		{658421EA-0C6C-4F0C-92D8-F3E4C3F0344E}.Release|Any CPU.Build.0 = Release|Any CPU
		{8A7636AE-9865-4F67-BDDB-BC7677502A30}.Debug|Any CPU.ActiveCfg = Debug|Any CPU
		{8A7636AE-9865-4F67-BDDB-BC7677502A30}.Debug|Any CPU.Build.0 = Debug|Any CPU
		{8A7636AE-9865-4F67-BDDB-BC7677502A30}.Release|Any CPU.ActiveCfg = Release|Any CPU
		{8A7636AE-9865-4F67-BDDB-BC7677502A30}.Release|Any CPU.Build.0 = Release|Any CPU
		{6868B633-42A8-4B26-93D2-56579D749D88}.Debug|Any CPU.ActiveCfg = Debug|Any CPU
		{6868B633-42A8-4B26-93D2-56579D749D88}.Debug|Any CPU.Build.0 = Debug|Any CPU
		{6868B633-42A8-4B26-93D2-56579D749D88}.Release|Any CPU.ActiveCfg = Release|Any CPU
		{6868B633-42A8-4B26-93D2-56579D749D88}.Release|Any CPU.Build.0 = Release|Any CPU
	EndGlobalSection
EndGlobal
